
Microsoft Visual Studio Solution File, Format Version 12.00
# Visual Studio Version 17
VisualStudioVersion = 17.0.31903.59
MinimumVisualStudioVersion = 10.0.40219.1
Project("{9A19103F-16F7-4668-BE54-9A1E7A4F7556}") = "CardAccess.Domain", "src\Domain\CardAccess.Domain.csproj", "{C7E89A3E-A631-4760-8D61-BD1EAB1C4E69}"
EndProject
Project("{9A19103F-16F7-4668-BE54-9A1E7A4F7556}") = "CardAccess.Application", "src\Application\CardAccess.Application.csproj", "{34C0FACD-F3D9-400C-8945-554DD6B0819A}"
EndProject
Project("{9A19103F-16F7-4668-BE54-9A1E7A4F7556}") = "CardAccess.Infrastructure", "src\Infrastructure\CardAccess.Infrastructure.csproj", "{117DA02F-5274-4565-ACC6-DA9B6E568B09}"
EndProject
Project("{2150E333-8FDC-42A3-9474-1A3956D46DE8}") = "src", "src", "{6ED356A7-8B47-4613-AD01-C85CF28491BD}"
EndProject
Project("{2150E333-8FDC-42A3-9474-1A3956D46DE8}") = "tests", "tests", "{664D406C-2F83-48F0-BFC3-408D5CB53C65}"
EndProject
Project("{9A19103F-16F7-4668-BE54-9A1E7A4F7556}") = "CardAccess.Application.UnitTests", "tests\Application.UnitTests\CardAccess.Application.UnitTests.csproj", "{DEFF4009-1FAB-4392-80B6-707E2DC5C00B}"
EndProject
Project("{9A19103F-16F7-4668-BE54-9A1E7A4F7556}") = "CardAccess.Domain.UnitTests", "tests\Domain.UnitTests\CardAccess.Domain.UnitTests.csproj", "{DC37FD87-552C-4613-9F16-1537CA522898}"
EndProject
Project("{2150E333-8FDC-42A3-9474-1A3956D46DE8}") = "Solution Items", "Solution Items", "{E2DA20AA-28D1-455C-BF50-C49A8F831633}"
	ProjectSection(SolutionItems) = preProject
		.editorconfig = .editorconfig
		.gitignore = .gitignore
		Directory.Build.props = Directory.Build.props
		Directory.Packages.props = Directory.Packages.props
		global.json = global.json
	EndProjectSection
EndProject
Project("{9A19103F-16F7-4668-BE54-9A1E7A4F7556}") = "CardAccess.Server.AcceptanceTests", "tests\Web.AcceptanceTests\CardAccess.Server.AcceptanceTests.csproj", "{21334974-6B07-47BB-B664-AC62FE58C12B}"
EndProject
Project("{9A19103F-16F7-4668-BE54-9A1E7A4F7556}") = "CardAccess.Application.FunctionalTests", "tests\Application.FunctionalTests\CardAccess.Application.FunctionalTests.csproj", "{EA6127A5-94C9-4C31-AD11-E6811B92B520}"
EndProject
Project("{9A19103F-16F7-4668-BE54-9A1E7A4F7556}") = "CardAccess.Infrastructure.IntegrationTests", "tests\Infrastructure.IntegrationTests\CardAccess.Infrastructure.IntegrationTests.csproj", "{01FA6786-921D-4CE8-8C50-4FDA66C9477D}"
EndProject
Project("{54A90642-561A-4BB1-A94E-469ADEE60C69}") = "cardaccess.client", "src\cardaccess.client\cardaccess.client.esproj", "{FF7E15BA-EEA1-4055-92DC-E22B4C2DE57D}"
EndProject
Project("{9A19103F-16F7-4668-BE54-9A1E7A4F7556}") = "CardAccess.Server", "src\CardAccess.Server\CardAccess.Server.csproj", "{01F45BAA-8726-4B72-AB85-DC858E66E2EF}"
EndProject
Project("{2150E333-8FDC-42A3-9474-1A3956D46DE8}") = "Common", "Common", "{CA0BEBEC-9B89-416C-AEAA-3511E6D0F8C2}"
EndProject
Project("{9A19103F-16F7-4668-BE54-9A1E7A4F7556}") = "CardAccess.Settings", "src\CardAccess.Settings\CardAccess.Settings.csproj", "{DDDED246-4C45-45F7-A75A-0F90A60B1405}"
EndProject
Project("{2150E333-8FDC-42A3-9474-1A3956D46DE8}") = "Web", "Web", "{87F4B306-9850-48B7-AC82-3A87E61B0A72}"
EndProject
Project("{2150E333-8FDC-42A3-9474-1A3956D46DE8}") = "Business layer", "Business layer", "{BC56E1DB-8061-428B-8372-AA810F0104D4}"
EndProject
Project("{2150E333-8FDC-42A3-9474-1A3956D46DE8}") = "DataAccess Layer", "DataAccess Layer", "{64684171-D3F0-4E94-B28D-007564B26F93}"
EndProject
Project("{9A19103F-16F7-4668-BE54-9A1E7A4F7556}") = "AspNetCore.Identity.Dapper", "src\AspNetCore.Identity.Dapper\AspNetCore.Identity.Dapper.csproj", "{FA39FCFA-B6F4-406B-A01F-BDE3A562C673}"
EndProject
Global
	GlobalSection(SolutionConfigurationPlatforms) = preSolution
		Debug|Any CPU = Debug|Any CPU
		Debug|x64 = Debug|x64
		Release|Any CPU = Release|Any CPU
		Release|x64 = Release|x64
	EndGlobalSection
	GlobalSection(ProjectConfigurationPlatforms) = postSolution
		{C7E89A3E-A631-4760-8D61-BD1EAB1C4E69}.Debug|Any CPU.ActiveCfg = Debug|Any CPU
		{C7E89A3E-A631-4760-8D61-BD1EAB1C4E69}.Debug|Any CPU.Build.0 = Debug|Any CPU
		{C7E89A3E-A631-4760-8D61-BD1EAB1C4E69}.Debug|x64.ActiveCfg = Debug|Any CPU
		{C7E89A3E-A631-4760-8D61-BD1EAB1C4E69}.Debug|x64.Build.0 = Debug|Any CPU
		{C7E89A3E-A631-4760-8D61-BD1EAB1C4E69}.Release|Any CPU.ActiveCfg = Release|Any CPU
		{C7E89A3E-A631-4760-8D61-BD1EAB1C4E69}.Release|Any CPU.Build.0 = Release|Any CPU
		{C7E89A3E-A631-4760-8D61-BD1EAB1C4E69}.Release|x64.ActiveCfg = Release|Any CPU
		{C7E89A3E-A631-4760-8D61-BD1EAB1C4E69}.Release|x64.Build.0 = Release|Any CPU
		{34C0FACD-F3D9-400C-8945-554DD6B0819A}.Debug|Any CPU.ActiveCfg = Debug|Any CPU
		{34C0FACD-F3D9-400C-8945-554DD6B0819A}.Debug|Any CPU.Build.0 = Debug|Any CPU
		{34C0FACD-F3D9-400C-8945-554DD6B0819A}.Debug|x64.ActiveCfg = Debug|Any CPU
		{34C0FACD-F3D9-400C-8945-554DD6B0819A}.Debug|x64.Build.0 = Debug|Any CPU
		{34C0FACD-F3D9-400C-8945-554DD6B0819A}.Release|Any CPU.ActiveCfg = Release|Any CPU
		{34C0FACD-F3D9-400C-8945-554DD6B0819A}.Release|Any CPU.Build.0 = Release|Any CPU
		{34C0FACD-F3D9-400C-8945-554DD6B0819A}.Release|x64.ActiveCfg = Release|Any CPU
		{34C0FACD-F3D9-400C-8945-554DD6B0819A}.Release|x64.Build.0 = Release|Any CPU
		{117DA02F-5274-4565-ACC6-DA9B6E568B09}.Debug|Any CPU.ActiveCfg = Debug|Any CPU
		{117DA02F-5274-4565-ACC6-DA9B6E568B09}.Debug|Any CPU.Build.0 = Debug|Any CPU
		{117DA02F-5274-4565-ACC6-DA9B6E568B09}.Debug|x64.ActiveCfg = Debug|Any CPU
		{117DA02F-5274-4565-ACC6-DA9B6E568B09}.Debug|x64.Build.0 = Debug|Any CPU
		{117DA02F-5274-4565-ACC6-DA9B6E568B09}.Release|Any CPU.ActiveCfg = Release|Any CPU
		{117DA02F-5274-4565-ACC6-DA9B6E568B09}.Release|Any CPU.Build.0 = Release|Any CPU
		{117DA02F-5274-4565-ACC6-DA9B6E568B09}.Release|x64.ActiveCfg = Release|Any CPU
		{117DA02F-5274-4565-ACC6-DA9B6E568B09}.Release|x64.Build.0 = Release|Any CPU
		{DEFF4009-1FAB-4392-80B6-707E2DC5C00B}.Debug|Any CPU.ActiveCfg = Debug|Any CPU
		{DEFF4009-1FAB-4392-80B6-707E2DC5C00B}.Debug|Any CPU.Build.0 = Debug|Any CPU
		{DEFF4009-1FAB-4392-80B6-707E2DC5C00B}.Debug|x64.ActiveCfg = Debug|Any CPU
		{DEFF4009-1FAB-4392-80B6-707E2DC5C00B}.Debug|x64.Build.0 = Debug|Any CPU
		{DEFF4009-1FAB-4392-80B6-707E2DC5C00B}.Release|Any CPU.ActiveCfg = Release|Any CPU
		{DEFF4009-1FAB-4392-80B6-707E2DC5C00B}.Release|Any CPU.Build.0 = Release|Any CPU
		{DEFF4009-1FAB-4392-80B6-707E2DC5C00B}.Release|x64.ActiveCfg = Release|Any CPU
		{DEFF4009-1FAB-4392-80B6-707E2DC5C00B}.Release|x64.Build.0 = Release|Any CPU
		{DC37FD87-552C-4613-9F16-1537CA522898}.Debug|Any CPU.ActiveCfg = Debug|Any CPU
		{DC37FD87-552C-4613-9F16-1537CA522898}.Debug|Any CPU.Build.0 = Debug|Any CPU
		{DC37FD87-552C-4613-9F16-1537CA522898}.Debug|x64.ActiveCfg = Debug|Any CPU
		{DC37FD87-552C-4613-9F16-1537CA522898}.Debug|x64.Build.0 = Debug|Any CPU
		{DC37FD87-552C-4613-9F16-1537CA522898}.Release|Any CPU.ActiveCfg = Release|Any CPU
		{DC37FD87-552C-4613-9F16-1537CA522898}.Release|Any CPU.Build.0 = Release|Any CPU
		{DC37FD87-552C-4613-9F16-1537CA522898}.Release|x64.ActiveCfg = Release|Any CPU
		{DC37FD87-552C-4613-9F16-1537CA522898}.Release|x64.Build.0 = Release|Any CPU
		{21334974-6B07-47BB-B664-AC62FE58C12B}.Debug|Any CPU.ActiveCfg = Debug|Any CPU
		{21334974-6B07-47BB-B664-AC62FE58C12B}.Debug|Any CPU.Build.0 = Debug|Any CPU
		{21334974-6B07-47BB-B664-AC62FE58C12B}.Debug|x64.ActiveCfg = Debug|Any CPU
		{21334974-6B07-47BB-B664-AC62FE58C12B}.Debug|x64.Build.0 = Debug|Any CPU
		{21334974-6B07-47BB-B664-AC62FE58C12B}.Release|Any CPU.ActiveCfg = Release|Any CPU
		{21334974-6B07-47BB-B664-AC62FE58C12B}.Release|Any CPU.Build.0 = Release|Any CPU
		{21334974-6B07-47BB-B664-AC62FE58C12B}.Release|x64.ActiveCfg = Release|Any CPU
		{21334974-6B07-47BB-B664-AC62FE58C12B}.Release|x64.Build.0 = Release|Any CPU
		{EA6127A5-94C9-4C31-AD11-E6811B92B520}.Debug|Any CPU.ActiveCfg = Debug|Any CPU
		{EA6127A5-94C9-4C31-AD11-E6811B92B520}.Debug|Any CPU.Build.0 = Debug|Any CPU
		{EA6127A5-94C9-4C31-AD11-E6811B92B520}.Debug|x64.ActiveCfg = Debug|Any CPU
		{EA6127A5-94C9-4C31-AD11-E6811B92B520}.Debug|x64.Build.0 = Debug|Any CPU
		{EA6127A5-94C9-4C31-AD11-E6811B92B520}.Release|Any CPU.ActiveCfg = Release|Any CPU
		{EA6127A5-94C9-4C31-AD11-E6811B92B520}.Release|Any CPU.Build.0 = Release|Any CPU
		{EA6127A5-94C9-4C31-AD11-E6811B92B520}.Release|x64.ActiveCfg = Release|Any CPU
		{EA6127A5-94C9-4C31-AD11-E6811B92B520}.Release|x64.Build.0 = Release|Any CPU
		{01FA6786-921D-4CE8-8C50-4FDA66C9477D}.Debug|Any CPU.ActiveCfg = Debug|Any CPU
		{01FA6786-921D-4CE8-8C50-4FDA66C9477D}.Debug|Any CPU.Build.0 = Debug|Any CPU
		{01FA6786-921D-4CE8-8C50-4FDA66C9477D}.Debug|x64.ActiveCfg = Debug|Any CPU
		{01FA6786-921D-4CE8-8C50-4FDA66C9477D}.Debug|x64.Build.0 = Debug|Any CPU
		{01FA6786-921D-4CE8-8C50-4FDA66C9477D}.Release|Any CPU.ActiveCfg = Release|Any CPU
		{01FA6786-921D-4CE8-8C50-4FDA66C9477D}.Release|Any CPU.Build.0 = Release|Any CPU
		{01FA6786-921D-4CE8-8C50-4FDA66C9477D}.Release|x64.ActiveCfg = Release|Any CPU
		{01FA6786-921D-4CE8-8C50-4FDA66C9477D}.Release|x64.Build.0 = Release|Any CPU
		{FF7E15BA-EEA1-4055-92DC-E22B4C2DE57D}.Debug|Any CPU.ActiveCfg = Debug|Any CPU
		{FF7E15BA-EEA1-4055-92DC-E22B4C2DE57D}.Debug|Any CPU.Build.0 = Debug|Any CPU
		{FF7E15BA-EEA1-4055-92DC-E22B4C2DE57D}.Debug|Any CPU.Deploy.0 = Debug|Any CPU
		{FF7E15BA-EEA1-4055-92DC-E22B4C2DE57D}.Debug|x64.ActiveCfg = Debug|Any CPU
		{FF7E15BA-EEA1-4055-92DC-E22B4C2DE57D}.Debug|x64.Build.0 = Debug|Any CPU
		{FF7E15BA-EEA1-4055-92DC-E22B4C2DE57D}.Debug|x64.Deploy.0 = Debug|Any CPU
		{FF7E15BA-EEA1-4055-92DC-E22B4C2DE57D}.Release|Any CPU.ActiveCfg = Release|Any CPU
		{FF7E15BA-EEA1-4055-92DC-E22B4C2DE57D}.Release|Any CPU.Build.0 = Release|Any CPU
		{FF7E15BA-EEA1-4055-92DC-E22B4C2DE57D}.Release|Any CPU.Deploy.0 = Release|Any CPU
		{FF7E15BA-EEA1-4055-92DC-E22B4C2DE57D}.Release|x64.ActiveCfg = Release|Any CPU
		{FF7E15BA-EEA1-4055-92DC-E22B4C2DE57D}.Release|x64.Build.0 = Release|Any CPU
		{FF7E15BA-EEA1-4055-92DC-E22B4C2DE57D}.Release|x64.Deploy.0 = Release|Any CPU
		{01F45BAA-8726-4B72-AB85-DC858E66E2EF}.Debug|Any CPU.ActiveCfg = Debug|Any CPU
		{01F45BAA-8726-4B72-AB85-DC858E66E2EF}.Debug|Any CPU.Build.0 = Debug|Any CPU
		{01F45BAA-8726-4B72-AB85-DC858E66E2EF}.Debug|x64.ActiveCfg = Debug|Any CPU
		{01F45BAA-8726-4B72-AB85-DC858E66E2EF}.Debug|x64.Build.0 = Debug|Any CPU
		{01F45BAA-8726-4B72-AB85-DC858E66E2EF}.Release|Any CPU.ActiveCfg = Release|Any CPU
		{01F45BAA-8726-4B72-AB85-DC858E66E2EF}.Release|Any CPU.Build.0 = Release|Any CPU
		{01F45BAA-8726-4B72-AB85-DC858E66E2EF}.Release|x64.ActiveCfg = Release|Any CPU
		{01F45BAA-8726-4B72-AB85-DC858E66E2EF}.Release|x64.Build.0 = Release|Any CPU
		{DDDED246-4C45-45F7-A75A-0F90A60B1405}.Debug|Any CPU.ActiveCfg = Debug|Any CPU
		{DDDED246-4C45-45F7-A75A-0F90A60B1405}.Debug|Any CPU.Build.0 = Debug|Any CPU
		{DDDED246-4C45-45F7-A75A-0F90A60B1405}.Debug|x64.ActiveCfg = Debug|Any CPU
		{DDDED246-4C45-45F7-A75A-0F90A60B1405}.Debug|x64.Build.0 = Debug|Any CPU
		{DDDED246-4C45-45F7-A75A-0F90A60B1405}.Release|Any CPU.ActiveCfg = Release|Any CPU
		{DDDED246-4C45-45F7-A75A-0F90A60B1405}.Release|Any CPU.Build.0 = Release|Any CPU
		{DDDED246-4C45-45F7-A75A-0F90A60B1405}.Release|x64.ActiveCfg = Release|Any CPU
		{DDDED246-4C45-45F7-A75A-0F90A60B1405}.Release|x64.Build.0 = Release|Any CPU
		{FA39FCFA-B6F4-406B-A01F-BDE3A562C673}.Debug|Any CPU.ActiveCfg = Debug|Any CPU
		{FA39FCFA-B6F4-406B-A01F-BDE3A562C673}.Debug|Any CPU.Build.0 = Debug|Any CPU
		{FA39FCFA-B6F4-406B-A01F-BDE3A562C673}.Debug|x64.ActiveCfg = Debug|x64
		{FA39FCFA-B6F4-406B-A01F-BDE3A562C673}.Debug|x64.Build.0 = Debug|x64
		{FA39FCFA-B6F4-406B-A01F-BDE3A562C673}.Release|Any CPU.ActiveCfg = Release|Any CPU
		{FA39FCFA-B6F4-406B-A01F-BDE3A562C673}.Release|Any CPU.Build.0 = Release|Any CPU
		{FA39FCFA-B6F4-406B-A01F-BDE3A562C673}.Release|x64.ActiveCfg = Release|x64
		{FA39FCFA-B6F4-406B-A01F-BDE3A562C673}.Release|x64.Build.0 = Release|x64
	EndGlobalSection
	GlobalSection(SolutionProperties) = preSolution
		HideSolutionNode = FALSE
	EndGlobalSection
	GlobalSection(NestedProjects) = preSolution
		{C7E89A3E-A631-4760-8D61-BD1EAB1C4E69} = {BC56E1DB-8061-428B-8372-AA810F0104D4}
		{34C0FACD-F3D9-400C-8945-554DD6B0819A} = {BC56E1DB-8061-428B-8372-AA810F0104D4}
		{117DA02F-5274-4565-ACC6-DA9B6E568B09} = {64684171-D3F0-4E94-B28D-007564B26F93}
		{DEFF4009-1FAB-4392-80B6-707E2DC5C00B} = {664D406C-2F83-48F0-BFC3-408D5CB53C65}
		{DC37FD87-552C-4613-9F16-1537CA522898} = {664D406C-2F83-48F0-BFC3-408D5CB53C65}
		{21334974-6B07-47BB-B664-AC62FE58C12B} = {664D406C-2F83-48F0-BFC3-408D5CB53C65}
		{EA6127A5-94C9-4C31-AD11-E6811B92B520} = {664D406C-2F83-48F0-BFC3-408D5CB53C65}
		{01FA6786-921D-4CE8-8C50-4FDA66C9477D} = {664D406C-2F83-48F0-BFC3-408D5CB53C65}
		{FF7E15BA-EEA1-4055-92DC-E22B4C2DE57D} = {87F4B306-9850-48B7-AC82-3A87E61B0A72}
		{01F45BAA-8726-4B72-AB85-DC858E66E2EF} = {87F4B306-9850-48B7-AC82-3A87E61B0A72}
		{CA0BEBEC-9B89-416C-AEAA-3511E6D0F8C2} = {6ED356A7-8B47-4613-AD01-C85CF28491BD}
		{DDDED246-4C45-45F7-A75A-0F90A60B1405} = {CA0BEBEC-9B89-416C-AEAA-3511E6D0F8C2}
		{87F4B306-9850-48B7-AC82-3A87E61B0A72} = {6ED356A7-8B47-4613-AD01-C85CF28491BD}
		{BC56E1DB-8061-428B-8372-AA810F0104D4} = {6ED356A7-8B47-4613-AD01-C85CF28491BD}
		{64684171-D3F0-4E94-B28D-007564B26F93} = {6ED356A7-8B47-4613-AD01-C85CF28491BD}
		{FA39FCFA-B6F4-406B-A01F-BDE3A562C673} = {64684171-D3F0-4E94-B28D-007564B26F93}
	EndGlobalSection
	GlobalSection(ExtensibilityGlobals) = postSolution
		SolutionGuid = {3CB609D9-5D54-4C11-A371-DAAC8B74E430}
	EndGlobalSection
EndGlobal
